
Microsoft Visual Studio Solution File, Format Version 12.00
# Visual Studio 15
Project("{FAE04EC0-301F-11D3-BF4B-00C04F79EFBC}") = "PhotonChat", "PhotonChat.csproj", "{FA98FD26-C1A2-BD2F-D042-1EB65F1D7FD4}"
EndProject
Project("{FAE04EC0-301F-11D3-BF4B-00C04F79EFBC}") = "Assembly-CSharp", "Assembly-CSharp.csproj", "{04BCDD7F-3853-F842-CF20-D95EAF00ACF1}"
EndProject
Project("{FAE04EC0-301F-11D3-BF4B-00C04F79EFBC}") = "PhotonUnityNetworking.Demos", "PhotonUnityNetworking.Demos.csproj", "{285F045D-A2CD-1867-186F-80AA1C96742C}"
EndProject
Project("{FAE04EC0-301F-11D3-BF4B-00C04F79EFBC}") = "PhotonUnityNetworking.Editor", "PhotonUnityNetworking.Editor.csproj", "{73B367EA-05B2-A8D8-B08E-DB0F8EFBCBD8}"
EndProject
Project("{FAE04EC0-301F-11D3-BF4B-00C04F79EFBC}") = "PhotonUnityNetworking", "PhotonUnityNetworking.csproj", "{FD49EA96-B683-E929-44D9-FD1EE7F1E671}"
EndProject
Project("{FAE04EC0-301F-11D3-BF4B-00C04F79EFBC}") = "PhotonRealtime", "PhotonRealtime.csproj", "{D15F8C6B-2884-E40F-E252-843093C0E7A7}"
EndProject
Project("{FAE04EC0-301F-11D3-BF4B-00C04F79EFBC}") = "PhotonUnityNetworking.Utilities.PhotonPlayer.Editor", "PhotonUnityNetworking.Utilities.PhotonPlayer.Editor.csproj", "{AF79F312-2D2A-5107-92BA-768DF7720FDB}"
EndProject
Project("{FAE04EC0-301F-11D3-BF4B-00C04F79EFBC}") = "PhotonUnityNetworking.Utilities", "PhotonUnityNetworking.Utilities.csproj", "{90E585D5-C6EE-7F3D-B283-9F1C60FE67B8}"
EndProject
Project("{FAE04EC0-301F-11D3-BF4B-00C04F79EFBC}") = "PunDemos.DemoSlotcarEditor", "PunDemos.DemoSlotcarEditor.csproj", "{6C9CFBFC-3E75-E076-C62E-6B08D4805B77}"
EndProject
Project("{FAE04EC0-301F-11D3-BF4B-00C04F79EFBC}") = "Assembly-CSharp-Editor", "Assembly-CSharp-Editor.csproj", "{CD8ACAE8-07CB-D416-E488-E61A687406EF}"
EndProject
Project("{FAE04EC0-301F-11D3-BF4B-00C04F79EFBC}") = "PhotonUnityNetworking.Utilities.Culling.Editor", "PhotonUnityNetworking.Utilities.Culling.Editor.csproj", "{428A4368-C1BA-59B6-90A2-2B351EC74EDF}"
EndProject
Project("{FAE04EC0-301F-11D3-BF4B-00C04F79EFBC}") = "PunDemos.DemoHubEditor", "PunDemos.DemoHubEditor.csproj", "{A0A1C074-B8D4-5838-6AE1-8AB53B60F1AF}"
EndProject
Global
	GlobalSection(SolutionConfigurationPlatforms) = preSolution
		Debug|Any CPU = Debug|Any CPU
		Release|Any CPU = Release|Any CPU
	EndGlobalSection
	GlobalSection(ProjectConfigurationPlatforms) = postSolution
		{FA98FD26-C1A2-BD2F-D042-1EB65F1D7FD4}.Debug|Any CPU.ActiveCfg = Debug|Any CPU
		{FA98FD26-C1A2-BD2F-D042-1EB65F1D7FD4}.Debug|Any CPU.Build.0 = Debug|Any CPU
		{FA98FD26-C1A2-BD2F-D042-1EB65F1D7FD4}.Release|Any CPU.ActiveCfg = Release|Any CPU
		{FA98FD26-C1A2-BD2F-D042-1EB65F1D7FD4}.Release|Any CPU.Build.0 = Release|Any CPU
		{04BCDD7F-3853-F842-CF20-D95EAF00ACF1}.Debug|Any CPU.ActiveCfg = Debug|Any CPU
		{04BCDD7F-3853-F842-CF20-D95EAF00ACF1}.Debug|Any CPU.Build.0 = Debug|Any CPU
		{04BCDD7F-3853-F842-CF20-D95EAF00ACF1}.Release|Any CPU.ActiveCfg = Release|Any CPU
		{04BCDD7F-3853-F842-CF20-D95EAF00ACF1}.Release|Any CPU.Build.0 = Release|Any CPU
		{285F045D-A2CD-1867-186F-80AA1C96742C}.Debug|Any CPU.ActiveCfg = Debug|Any CPU
		{285F045D-A2CD-1867-186F-80AA1C96742C}.Debug|Any CPU.Build.0 = Debug|Any CPU
		{285F045D-A2CD-1867-186F-80AA1C96742C}.Release|Any CPU.ActiveCfg = Release|Any CPU
		{285F045D-A2CD-1867-186F-80AA1C96742C}.Release|Any CPU.Build.0 = Release|Any CPU
		{73B367EA-05B2-A8D8-B08E-DB0F8EFBCBD8}.Debug|Any CPU.ActiveCfg = Debug|Any CPU
		{73B367EA-05B2-A8D8-B08E-DB0F8EFBCBD8}.Debug|Any CPU.Build.0 = Debug|Any CPU
		{73B367EA-05B2-A8D8-B08E-DB0F8EFBCBD8}.Release|Any CPU.ActiveCfg = Release|Any CPU
		{73B367EA-05B2-A8D8-B08E-DB0F8EFBCBD8}.Release|Any CPU.Build.0 = Release|Any CPU
		{FD49EA96-B683-E929-44D9-FD1EE7F1E671}.Debug|Any CPU.ActiveCfg = Debug|Any CPU
		{FD49EA96-B683-E929-44D9-FD1EE7F1E671}.Debug|Any CPU.Build.0 = Debug|Any CPU
		{FD49EA96-B683-E929-44D9-FD1EE7F1E671}.Release|Any CPU.ActiveCfg = Release|Any CPU
		{FD49EA96-B683-E929-44D9-FD1EE7F1E671}.Release|Any CPU.Build.0 = Release|Any CPU
		{D15F8C6B-2884-E40F-E252-843093C0E7A7}.Debug|Any CPU.ActiveCfg = Debug|Any CPU
		{D15F8C6B-2884-E40F-E252-843093C0E7A7}.Debug|Any CPU.Build.0 = Debug|Any CPU
		{D15F8C6B-2884-E40F-E252-843093C0E7A7}.Release|Any CPU.ActiveCfg = Release|Any CPU
		{D15F8C6B-2884-E40F-E252-843093C0E7A7}.Release|Any CPU.Build.0 = Release|Any CPU
		{AF79F312-2D2A-5107-92BA-768DF7720FDB}.Debug|Any CPU.ActiveCfg = Debug|Any CPU
		{AF79F312-2D2A-5107-92BA-768DF7720FDB}.Debug|Any CPU.Build.0 = Debug|Any CPU
		{AF79F312-2D2A-5107-92BA-768DF7720FDB}.Release|Any CPU.ActiveCfg = Release|Any CPU
		{AF79F312-2D2A-5107-92BA-768DF7720FDB}.Release|Any CPU.Build.0 = Release|Any CPU
		{90E585D5-C6EE-7F3D-B283-9F1C60FE67B8}.Debug|Any CPU.ActiveCfg = Debug|Any CPU
		{90E585D5-C6EE-7F3D-B283-9F1C60FE67B8}.Debug|Any CPU.Build.0 = Debug|Any CPU
		{90E585D5-C6EE-7F3D-B283-9F1C60FE67B8}.Release|Any CPU.ActiveCfg = Release|Any CPU
		{90E585D5-C6EE-7F3D-B283-9F1C60FE67B8}.Release|Any CPU.Build.0 = Release|Any CPU
		{6C9CFBFC-3E75-E076-C62E-6B08D4805B77}.Debug|Any CPU.ActiveCfg = Debug|Any CPU
		{6C9CFBFC-3E75-E076-C62E-6B08D4805B77}.Debug|Any CPU.Build.0 = Debug|Any CPU
		{6C9CFBFC-3E75-E076-C62E-6B08D4805B77}.Release|Any CPU.ActiveCfg = Release|Any CPU
		{6C9CFBFC-3E75-E076-C62E-6B08D4805B77}.Release|Any CPU.Build.0 = Release|Any CPU
		{CD8ACAE8-07CB-D416-E488-E61A687406EF}.Debug|Any CPU.ActiveCfg = Debug|Any CPU
		{CD8ACAE8-07CB-D416-E488-E61A687406EF}.Debug|Any CPU.Build.0 = Debug|Any CPU
		{CD8ACAE8-07CB-D416-E488-E61A687406EF}.Release|Any CPU.ActiveCfg = Release|Any CPU
		{CD8ACAE8-07CB-D416-E488-E61A687406EF}.Release|Any CPU.Build.0 = Release|Any CPU
		{428A4368-C1BA-59B6-90A2-2B351EC74EDF}.Debug|Any CPU.ActiveCfg = Debug|Any CPU
		{428A4368-C1BA-59B6-90A2-2B351EC74EDF}.Debug|Any CPU.Build.0 = Debug|Any CPU
		{428A4368-C1BA-59B6-90A2-2B351EC74EDF}.Release|Any CPU.ActiveCfg = Release|Any CPU
		{428A4368-C1BA-59B6-90A2-2B351EC74EDF}.Release|Any CPU.Build.0 = Release|Any CPU
		{A0A1C074-B8D4-5838-6AE1-8AB53B60F1AF}.Debug|Any CPU.ActiveCfg = Debug|Any CPU
		{A0A1C074-B8D4-5838-6AE1-8AB53B60F1AF}.Debug|Any CPU.Build.0 = Debug|Any CPU
		{A0A1C074-B8D4-5838-6AE1-8AB53B60F1AF}.Release|Any CPU.ActiveCfg = Release|Any CPU
		{A0A1C074-B8D4-5838-6AE1-8AB53B60F1AF}.Release|Any CPU.Build.0 = Release|Any CPU
	EndGlobalSection
	GlobalSection(SolutionProperties) = preSolution
		HideSolutionNode = FALSE
	EndGlobalSection
EndGlobal
