
Microsoft Visual Studio Solution File, Format Version 12.00
# Visual Studio Version 17
VisualStudioVersion = 17.4.33205.214
MinimumVisualStudioVersion = 10.0.40219.1
Project("{FAE04EC0-301F-11D3-BF4B-00C04F79EFBC}") = "ProjetS2", "ProjetS2\ProjetS2.csproj", "{BFF38091-AA8C-49F1-BB97-1E02B2BE468B}"
EndProject
Global
	GlobalSection(SolutionConfigurationPlatforms) = preSolution
		Debug|Any CPU = Debug|Any CPU
		Release|Any CPU = Release|Any CPU
	EndGlobalSection
	GlobalSection(ProjectConfigurationPlatforms) = postSolution
		{BFF38091-AA8C-49F1-BB97-1E02B2BE468B}.Debug|Any CPU.ActiveCfg = Debug|Any CPU
		{BFF38091-AA8C-49F1-BB97-1E02B2BE468B}.Debug|Any CPU.Build.0 = Debug|Any CPU
		{BFF38091-AA8C-49F1-BB97-1E02B2BE468B}.Release|Any CPU.ActiveCfg = Release|Any CPU
		{BFF38091-AA8C-49F1-BB97-1E02B2BE468B}.Release|Any CPU.Build.0 = Release|Any CPU
	EndGlobalSection
	GlobalSection(SolutionProperties) = preSolution
		HideSolutionNode = FALSE
	EndGlobalSection
	GlobalSection(ExtensibilityGlobals) = postSolution
		SolutionGuid = {28D9A02D-B5A1-4991-921B-9F0326444AB9}
	EndGlobalSection
EndGlobal
